
Microsoft Visual Studio Solution File, Format Version 12.00
# Visual Studio Version 17
VisualStudioVersion = 17.6.33815.320
MinimumVisualStudioVersion = 10.0.40219.1
Project("{9A19103F-16F7-4668-BE54-9A1E7A4F7556}") = "UserManagment", "UserManagment\UserManagment.csproj", "{A97B55A9-480D-4E2A-9AB6-C7F2432FF98E}"
EndProject
Project("{FAE04EC0-301F-11D3-BF4B-00C04F79EFBC}") = "Tests", "Tests\Tests.csproj", "{11356E6C-F90E-42CD-8E98-605AA302225C}"
EndProject
Global
	GlobalSection(SolutionConfigurationPlatforms) = preSolution
		Debug|Any CPU = Debug|Any CPU
		Release|Any CPU = Release|Any CPU
	EndGlobalSection
	GlobalSection(ProjectConfigurationPlatforms) = postSolution
		{A97B55A9-480D-4E2A-9AB6-C7F2432FF98E}.Debug|Any CPU.ActiveCfg = Debug|Any CPU
		{A97B55A9-480D-4E2A-9AB6-C7F2432FF98E}.Debug|Any CPU.Build.0 = Debug|Any CPU
		{A97B55A9-480D-4E2A-9AB6-C7F2432FF98E}.Release|Any CPU.ActiveCfg = Release|Any CPU
		{A97B55A9-480D-4E2A-9AB6-C7F2432FF98E}.Release|Any CPU.Build.0 = Release|Any CPU
		{11356E6C-F90E-42CD-8E98-605AA302225C}.Debug|Any CPU.ActiveCfg = Debug|Any CPU
		{11356E6C-F90E-42CD-8E98-605AA302225C}.Debug|Any CPU.Build.0 = Debug|Any CPU
		{11356E6C-F90E-42CD-8E98-605AA302225C}.Release|Any CPU.ActiveCfg = Release|Any CPU
		{11356E6C-F90E-42CD-8E98-605AA302225C}.Release|Any CPU.Build.0 = Release|Any CPU
	EndGlobalSection
	GlobalSection(SolutionProperties) = preSolution
		HideSolutionNode = FALSE
	EndGlobalSection
	GlobalSection(ExtensibilityGlobals) = postSolution
		SolutionGuid = {18F05C7E-D532-4929-8B69-AE4D2AF71F25}
	EndGlobalSection
EndGlobal
